
Microsoft Visual Studio Solution File, Format Version 12.00
# Visual Studio 15
VisualStudioVersion = 15.0.28307.539
MinimumVisualStudioVersion = 10.0.40219.1
Project("{FAE04EC0-301F-11D3-BF4B-00C04F79EFBC}") = "demo", "demo\demo.csproj", "{C23C2F57-6B56-4810-83F1-7928DD272A57}"
EndProject
Project("{FAE04EC0-301F-11D3-BF4B-00C04F79EFBC}") = "ConsoleApp1", "ConsoleApp1\ConsoleApp1.csproj", "{2ACBD636-39E8-4939-A075-A138770091B5}"
EndProject
Project("{FAE04EC0-301F-11D3-BF4B-00C04F79EFBC}") = "ConsoleApp2", "ConsoleApp2\ConsoleApp2.csproj", "{9454CE7A-C0E3-4679-B8AE-388F4B996FBA}"
EndProject
Global
	GlobalSection(SolutionConfigurationPlatforms) = preSolution
		Debug|Any CPU = Debug|Any CPU
		Release|Any CPU = Release|Any CPU
	EndGlobalSection
	GlobalSection(ProjectConfigurationPlatforms) = postSolution
		{C23C2F57-6B56-4810-83F1-7928DD272A57}.Debug|Any CPU.ActiveCfg = Debug|Any CPU
		{C23C2F57-6B56-4810-83F1-7928DD272A57}.Debug|Any CPU.Build.0 = Debug|Any CPU
		{C23C2F57-6B56-4810-83F1-7928DD272A57}.Release|Any CPU.ActiveCfg = Release|Any CPU
		{C23C2F57-6B56-4810-83F1-7928DD272A57}.Release|Any CPU.Build.0 = Release|Any CPU
		{2ACBD636-39E8-4939-A075-A138770091B5}.Debug|Any CPU.ActiveCfg = Debug|Any CPU
		{2ACBD636-39E8-4939-A075-A138770091B5}.Debug|Any CPU.Build.0 = Debug|Any CPU
		{2ACBD636-39E8-4939-A075-A138770091B5}.Release|Any CPU.ActiveCfg = Release|Any CPU
		{2ACBD636-39E8-4939-A075-A138770091B5}.Release|Any CPU.Build.0 = Release|Any CPU
		{9454CE7A-C0E3-4679-B8AE-388F4B996FBA}.Debug|Any CPU.ActiveCfg = Debug|Any CPU
		{9454CE7A-C0E3-4679-B8AE-388F4B996FBA}.Debug|Any CPU.Build.0 = Debug|Any CPU
		{9454CE7A-C0E3-4679-B8AE-388F4B996FBA}.Release|Any CPU.ActiveCfg = Release|Any CPU
		{9454CE7A-C0E3-4679-B8AE-388F4B996FBA}.Release|Any CPU.Build.0 = Release|Any CPU
	EndGlobalSection
	GlobalSection(SolutionProperties) = preSolution
		HideSolutionNode = FALSE
	EndGlobalSection
	GlobalSection(ExtensibilityGlobals) = postSolution
		SolutionGuid = {AC491D1D-2B50-4B3B-84FA-BE4000014148}
	EndGlobalSection
EndGlobal
