
Microsoft Visual Studio Solution File, Format Version 12.00
# Visual Studio 15
VisualStudioVersion = 15.0.28307.572
MinimumVisualStudioVersion = 10.0.40219.1
Project("{FAE04EC0-301F-11D3-BF4B-00C04F79EFBC}") = "01. Convert Meters to Kilometers", "01. Convert Meters to Kilometers\01. Convert Meters to Kilometers.csproj", "{C1042666-D4A7-4B00-AE82-0C67345BFD5A}"
EndProject
Project("{FAE04EC0-301F-11D3-BF4B-00C04F79EFBC}") = "02. Pounds to Dollars", "02. Pounds to Dollars\02. Pounds to Dollars.csproj", "{52D3BA3E-8996-4C3C-94C1-7FD4113325A6}"
EndProject
Project("{FAE04EC0-301F-11D3-BF4B-00C04F79EFBC}") = "03. Exact Sum of Real Numbers", "03. Exact Sum of Real Numbers\03. Exact Sum of Real Numbers.csproj", "{A1FBCE39-5CE1-4EAA-8D15-F0FEB62081C0}"
EndProject
Project("{FAE04EC0-301F-11D3-BF4B-00C04F79EFBC}") = "06. Reversed Chars", "06. Reversed Chars\06. Reversed Chars.csproj", "{1A6D0E0D-5E79-4254-A5D5-1FACF3923168}"
EndProject
Project("{FAE04EC0-301F-11D3-BF4B-00C04F79EFBC}") = "07. Concat Names", "07. Concat Names\07. Concat Names.csproj", "{ACBA45B3-9C41-4498-8AC8-86C52F1E6B34}"
EndProject
Project("{FAE04EC0-301F-11D3-BF4B-00C04F79EFBC}") = "08. Town Info", "08. Town Info\08. Town Info.csproj", "{3F47AC89-B97A-486C-B214-4BF4A30EB856}"
EndProject
Project("{FAE04EC0-301F-11D3-BF4B-00C04F79EFBC}") = "09. Chars to String", "09. Chars to String\09. Chars to String.csproj", "{B849D979-C5E5-4599-B316-4D09C0CC11A7}"
EndProject
Project("{FAE04EC0-301F-11D3-BF4B-00C04F79EFBC}") = "10. Lower or Upper", "10. Lower or Upper\10. Lower or Upper.csproj", "{A4EE4EDA-A75E-4278-8567-15D581F5BECB}"
EndProject
Global
	GlobalSection(SolutionConfigurationPlatforms) = preSolution
		Debug|Any CPU = Debug|Any CPU
		Release|Any CPU = Release|Any CPU
	EndGlobalSection
	GlobalSection(ProjectConfigurationPlatforms) = postSolution
		{C1042666-D4A7-4B00-AE82-0C67345BFD5A}.Debug|Any CPU.ActiveCfg = Debug|Any CPU
		{C1042666-D4A7-4B00-AE82-0C67345BFD5A}.Debug|Any CPU.Build.0 = Debug|Any CPU
		{C1042666-D4A7-4B00-AE82-0C67345BFD5A}.Release|Any CPU.ActiveCfg = Release|Any CPU
		{C1042666-D4A7-4B00-AE82-0C67345BFD5A}.Release|Any CPU.Build.0 = Release|Any CPU
		{52D3BA3E-8996-4C3C-94C1-7FD4113325A6}.Debug|Any CPU.ActiveCfg = Debug|Any CPU
		{52D3BA3E-8996-4C3C-94C1-7FD4113325A6}.Debug|Any CPU.Build.0 = Debug|Any CPU
		{52D3BA3E-8996-4C3C-94C1-7FD4113325A6}.Release|Any CPU.ActiveCfg = Release|Any CPU
		{52D3BA3E-8996-4C3C-94C1-7FD4113325A6}.Release|Any CPU.Build.0 = Release|Any CPU
		{A1FBCE39-5CE1-4EAA-8D15-F0FEB62081C0}.Debug|Any CPU.ActiveCfg = Debug|Any CPU
		{A1FBCE39-5CE1-4EAA-8D15-F0FEB62081C0}.Debug|Any CPU.Build.0 = Debug|Any CPU
		{A1FBCE39-5CE1-4EAA-8D15-F0FEB62081C0}.Release|Any CPU.ActiveCfg = Release|Any CPU
		{A1FBCE39-5CE1-4EAA-8D15-F0FEB62081C0}.Release|Any CPU.Build.0 = Release|Any CPU
		{1A6D0E0D-5E79-4254-A5D5-1FACF3923168}.Debug|Any CPU.ActiveCfg = Debug|Any CPU
		{1A6D0E0D-5E79-4254-A5D5-1FACF3923168}.Debug|Any CPU.Build.0 = Debug|Any CPU
		{1A6D0E0D-5E79-4254-A5D5-1FACF3923168}.Release|Any CPU.ActiveCfg = Release|Any CPU
		{1A6D0E0D-5E79-4254-A5D5-1FACF3923168}.Release|Any CPU.Build.0 = Release|Any CPU
		{ACBA45B3-9C41-4498-8AC8-86C52F1E6B34}.Debug|Any CPU.ActiveCfg = Debug|Any CPU
		{ACBA45B3-9C41-4498-8AC8-86C52F1E6B34}.Debug|Any CPU.Build.0 = Debug|Any CPU
		{ACBA45B3-9C41-4498-8AC8-86C52F1E6B34}.Release|Any CPU.ActiveCfg = Release|Any CPU
		{ACBA45B3-9C41-4498-8AC8-86C52F1E6B34}.Release|Any CPU.Build.0 = Release|Any CPU
		{3F47AC89-B97A-486C-B214-4BF4A30EB856}.Debug|Any CPU.ActiveCfg = Debug|Any CPU
		{3F47AC89-B97A-486C-B214-4BF4A30EB856}.Debug|Any CPU.Build.0 = Debug|Any CPU
		{3F47AC89-B97A-486C-B214-4BF4A30EB856}.Release|Any CPU.ActiveCfg = Release|Any CPU
		{3F47AC89-B97A-486C-B214-4BF4A30EB856}.Release|Any CPU.Build.0 = Release|Any CPU
		{B849D979-C5E5-4599-B316-4D09C0CC11A7}.Debug|Any CPU.ActiveCfg = Debug|Any CPU
		{B849D979-C5E5-4599-B316-4D09C0CC11A7}.Debug|Any CPU.Build.0 = Debug|Any CPU
		{B849D979-C5E5-4599-B316-4D09C0CC11A7}.Release|Any CPU.ActiveCfg = Release|Any CPU
		{B849D979-C5E5-4599-B316-4D09C0CC11A7}.Release|Any CPU.Build.0 = Release|Any CPU
		{A4EE4EDA-A75E-4278-8567-15D581F5BECB}.Debug|Any CPU.ActiveCfg = Debug|Any CPU
		{A4EE4EDA-A75E-4278-8567-15D581F5BECB}.Debug|Any CPU.Build.0 = Debug|Any CPU
		{A4EE4EDA-A75E-4278-8567-15D581F5BECB}.Release|Any CPU.ActiveCfg = Release|Any CPU
		{A4EE4EDA-A75E-4278-8567-15D581F5BECB}.Release|Any CPU.Build.0 = Release|Any CPU
	EndGlobalSection
	GlobalSection(SolutionProperties) = preSolution
		HideSolutionNode = FALSE
	EndGlobalSection
	GlobalSection(ExtensibilityGlobals) = postSolution
		SolutionGuid = {8EC674A8-7EB0-4063-8ACF-7F1C3F72CC4B}
	EndGlobalSection
EndGlobal
