
Microsoft Visual Studio Solution File, Format Version 12.00
# Visual Studio 15
VisualStudioVersion = 15.0.28307.539
MinimumVisualStudioVersion = 10.0.40219.1
Project("{FAE04EC0-301F-11D3-BF4B-00C04F79EFBC}") = "01. Hello SoftUni", "01. Hello SoftUni\01. Hello SoftUni.csproj", "{D7A01261-46BD-4CC0-BC8D-76DB4790AE8F}"
EndProject
Project("{FAE04EC0-301F-11D3-BF4B-00C04F79EFBC}") = "02. Expression", "02. Expression\02. Expression.csproj", "{2A643B17-480B-4366-9FD8-71FF525F2859}"
EndProject
Project("{FAE04EC0-301F-11D3-BF4B-00C04F79EFBC}") = "03. Nums 1-20", "03. Nums 1-20\03. Nums 1-20.csproj", "{DECFBA81-B3EE-44BE-9736-3CF2B4D647F5}"
EndProject
Project("{FAE04EC0-301F-11D3-BF4B-00C04F79EFBC}") = "04. Rectangle Area", "04. Rectangle Area\04. Rectangle Area.csproj", "{B5F5FCD6-3FEA-4BBA-BDA9-D22673EC1311}"
EndProject
Global
	GlobalSection(SolutionConfigurationPlatforms) = preSolution
		Debug|Any CPU = Debug|Any CPU
		Release|Any CPU = Release|Any CPU
	EndGlobalSection
	GlobalSection(ProjectConfigurationPlatforms) = postSolution
		{D7A01261-46BD-4CC0-BC8D-76DB4790AE8F}.Debug|Any CPU.ActiveCfg = Debug|Any CPU
		{D7A01261-46BD-4CC0-BC8D-76DB4790AE8F}.Debug|Any CPU.Build.0 = Debug|Any CPU
		{D7A01261-46BD-4CC0-BC8D-76DB4790AE8F}.Release|Any CPU.ActiveCfg = Release|Any CPU
		{D7A01261-46BD-4CC0-BC8D-76DB4790AE8F}.Release|Any CPU.Build.0 = Release|Any CPU
		{2A643B17-480B-4366-9FD8-71FF525F2859}.Debug|Any CPU.ActiveCfg = Debug|Any CPU
		{2A643B17-480B-4366-9FD8-71FF525F2859}.Debug|Any CPU.Build.0 = Debug|Any CPU
		{2A643B17-480B-4366-9FD8-71FF525F2859}.Release|Any CPU.ActiveCfg = Release|Any CPU
		{2A643B17-480B-4366-9FD8-71FF525F2859}.Release|Any CPU.Build.0 = Release|Any CPU
		{DECFBA81-B3EE-44BE-9736-3CF2B4D647F5}.Debug|Any CPU.ActiveCfg = Debug|Any CPU
		{DECFBA81-B3EE-44BE-9736-3CF2B4D647F5}.Debug|Any CPU.Build.0 = Debug|Any CPU
		{DECFBA81-B3EE-44BE-9736-3CF2B4D647F5}.Release|Any CPU.ActiveCfg = Release|Any CPU
		{DECFBA81-B3EE-44BE-9736-3CF2B4D647F5}.Release|Any CPU.Build.0 = Release|Any CPU
		{B5F5FCD6-3FEA-4BBA-BDA9-D22673EC1311}.Debug|Any CPU.ActiveCfg = Debug|Any CPU
		{B5F5FCD6-3FEA-4BBA-BDA9-D22673EC1311}.Debug|Any CPU.Build.0 = Debug|Any CPU
		{B5F5FCD6-3FEA-4BBA-BDA9-D22673EC1311}.Release|Any CPU.ActiveCfg = Release|Any CPU
		{B5F5FCD6-3FEA-4BBA-BDA9-D22673EC1311}.Release|Any CPU.Build.0 = Release|Any CPU
	EndGlobalSection
	GlobalSection(SolutionProperties) = preSolution
		HideSolutionNode = FALSE
	EndGlobalSection
	GlobalSection(ExtensibilityGlobals) = postSolution
		SolutionGuid = {81ECE117-3DB3-440C-A3AC-EE786FE8292E}
	EndGlobalSection
EndGlobal
